{
  "name": "forkgpt-api-types",
  "version": "1.0.22",
  "lockfileVersion": 3,
  "requires": true,
  "packages": {
    "": {
      "name": "forkgpt-api-types",
      "version": "1.0.22",
      "license": "ISC",
      "devDependencies": {
        "@types/node": "^20.0.0",
        "typescript": "^5.0.0",
        "zod": "^3.24.1"
      },
      "peerDependencies": {
        "zod": "^3.24.1"
      }
    },
    "node_modules/@types/node": {
      "version": "20.17.14",
      "resolved": "https://registry.npmjs.org/@types/node/-/node-20.17.14.tgz",
      "integrity": "sha512-w6qdYetNL5KRBiSClK/KWai+2IMEJuAj+EujKCumalFOwXtvOXaEan9AuwcRID2IcOIAWSIfR495hBtgKlx2zg==",
      "dev": true,
      "dependencies": {
        "undici-types": "~6.19.2"
      }
    },
    "node_modules/typescript": {
      "version": "5.7.3",
      "resolved": "https://registry.npmjs.org/typescript/-/typescript-5.7.3.tgz",
      "integrity": "sha512-84MVSjMEHP+FQRPy3pX9sTVV/INIex71s9TL2Gm5FG/WG1SqXeKyZ0k7/blY/4FdOzI12CBy1vGc4og/eus0fw==",
      "dev": true,
      "bin": {
        "tsc": "bin/tsc",
        "tsserver": "bin/tsserver"
      },
      "engines": {
        "node": ">=14.17"
      }
    },
    "node_modules/undici-types": {
      "version": "6.19.8",
      "resolved": "https://registry.npmjs.org/undici-types/-/undici-types-6.19.8.tgz",
      "integrity": "sha512-ve2KP6f/JnbPBFyobGHuerC9g1FYGn/F8n1LWTwNxCEzd6IfqTwUQcNXgEtmmQ6DlRrC1hrSrBnCZPokRrDHjw==",
      "dev": true
    },
    "node_modules/zod": {
      "version": "3.24.1",
      "resolved": "https://registry.npmjs.org/zod/-/zod-3.24.1.tgz",
      "integrity": "sha512-muH7gBL9sI1nciMZV67X5fTKKBLtwpZ5VBp1vsOQzj1MhrBZ4wlVCm3gedKZWLp0Oyel8sIGfeiz54Su+OVT+A==",
      "dev": true,
      "funding": {
        "url": "https://github.com/sponsors/colinhacks"
      }
    }
  }
}
